
Microsoft Visual Studio Solution File, Format Version 12.00
# Visual Studio Version 17
VisualStudioVersion = 17.10.35201.131
MinimumVisualStudioVersion = 10.0.40219.1
Project("{2150E333-8FDC-42A3-9474-1A3956D46DE8}") = "Tradof.Web", "Tradof.Web", "{8250AD98-4989-49E6-A1F7-4B3FF190B519}"
EndProject
Project("{9A19103F-16F7-4668-BE54-9A1E7A4F7556}") = "Tradof.Api", "Tradof.Api\Tradof.Api.csproj", "{8ECE4DE3-FBFF-4429-B9BC-CA1247D19682}"
EndProject
Project("{2150E333-8FDC-42A3-9474-1A3956D46DE8}") = "Tradof.Domain", "Tradof.Domain", "{47E0FA98-C32E-4CE6-8384-A64F3048D01E}"
EndProject
Project("{9A19103F-16F7-4668-BE54-9A1E7A4F7556}") = "Tradof.Data", "Tradof.Data\Tradof.Data.csproj", "{BB0FF4B8-6BE7-4CA4-A00F-78F1B564B09B}"
EndProject
Project("{2150E333-8FDC-42A3-9474-1A3956D46DE8}") = "Tradof.Infrastructure", "Tradof.Infrastructure", "{E4FB3175-3CB2-4B8E-A4F7-507FEE531C28}"
EndProject
Project("{9A19103F-16F7-4668-BE54-9A1E7A4F7556}") = "Tradof.EntityFramework", "Tradof.EntityFramework\Tradof.EntityFramework.csproj", "{917DB0EE-14ED-435D-A0D3-55F201E83D60}"
EndProject
Project("{9A19103F-16F7-4668-BE54-9A1E7A4F7556}") = "Tradof.Repository", "Tradof.Repository\Tradof.Repository.csproj", "{4655F465-D9F5-4AE8-B88D-575FD2438AB4}"
EndProject
Project("{2150E333-8FDC-42A3-9474-1A3956D46DE8}") = "Tradof.Services", "Tradof.Services", "{105C6636-238F-4B20-A489-71696484FEC6}"
EndProject
Project("{2150E333-8FDC-42A3-9474-1A3956D46DE8}") = "Tradof.Module.Admin", "Tradof.Module.Admin", "{C0118438-6255-4C1A-B8C3-89AA8085FA5F}"
EndProject
Project("{2150E333-8FDC-42A3-9474-1A3956D46DE8}") = "Tradof.Settings", "Tradof.Settings", "{29F0583E-E241-43ED-BDF6-E553975C4D1E}"
EndProject
Project("{9A19103F-16F7-4668-BE54-9A1E7A4F7556}") = "Tradof.Common", "Tradof.Comman\Tradof.Common.csproj", "{1636C145-56B5-4011-846C-9704E4598329}"
EndProject
Project("{9A19103F-16F7-4668-BE54-9A1E7A4F7556}") = "Tradof.ResponseHandler", "Tradof.ResponseHandler\Tradof.ResponseHandler.csproj", "{31CE4F67-7D5B-4AF5-9FCE-292FA716ADCA}"
EndProject
Project("{FAE04EC0-301F-11D3-BF4B-00C04F79EFBC}") = "Tradof.Admin.Api", "Tradof.Admin.Api\Tradof.Admin.Api.csproj", "{40E6F1DC-AAED-490F-AC5E-65034ACE2426}"
EndProject
Project("{FAE04EC0-301F-11D3-BF4B-00C04F79EFBC}") = "Tradof.Admin.Services", "Tradof.Admin.Services\Tradof.Admin.Services.csproj", "{1C3BDEDB-F01C-47E2-B146-7E5DD89AAFC8}"
EndProject
Project("{2150E333-8FDC-42A3-9474-1A3956D46DE8}") = "Tradof.Module.Package", "Tradof.Module.Package", "{9BD0DDC1-93D5-4AA7-B338-6434B1694B8B}"
EndProject
Project("{FAE04EC0-301F-11D3-BF4B-00C04F79EFBC}") = "Tradof.Package.Services", "Tradof.Package.Services\Tradof.Package.Services.csproj", "{DD999680-57B8-444F-8CFC-9B37017FAE08}"
EndProject
Project("{FAE04EC0-301F-11D3-BF4B-00C04F79EFBC}") = "Tradof.Package.Api", "Tradof.Package.Api\Tradof.Package.Api.csproj", "{7A9DBE6A-3B4F-4B89-B551-456DAE452470}"
EndProject
Project("{2150E333-8FDC-42A3-9474-1A3956D46DE8}") = "Tradof.Module.Authentication", "Tradof.Module.Authentication", "{9C7362A9-CDD0-4A5D-A912-6FBB9E71FC46}"
EndProject
Project("{FAE04EC0-301F-11D3-BF4B-00C04F79EFBC}") = "Tradof.Auth.Services", "Tradof.Auth.Services\Tradof.Auth.Services.csproj", "{60E12007-E619-4C8B-A240-0918BEB0CE73}"
EndProject
Project("{FAE04EC0-301F-11D3-BF4B-00C04F79EFBC}") = "Tradof.Auth.Api", "Tradof.Auth.Api\Tradof.Auth.Api.csproj", "{E54148CE-A953-48E3-A248-65705C620ED9}"
EndProject
Project("{2150E333-8FDC-42A3-9474-1A3956D46DE8}") = "Tradof.Module.Language", "Tradof.Module.Language", "{35E30B91-ACE6-4AEA-823F-467993ED8086}"
EndProject
Project("{FAE04EC0-301F-11D3-BF4B-00C04F79EFBC}") = "Tradof.Language.Api", "Tradof.Language.Api\Tradof.Language.Api.csproj", "{A9400B66-FC43-4BBA-B05E-D0F3E4673AF0}"
EndProject
Project("{FAE04EC0-301F-11D3-BF4B-00C04F79EFBC}") = "Tradof.Language.Services", "Tradof.Language.Services\Tradof.Language.Services.csproj", "{C18402B3-3E6D-458F-9EDB-B376CB61BF5C}"
EndProject
Project("{2150E333-8FDC-42A3-9474-1A3956D46DE8}") = "Tradof.Module.Country", "Tradof.Module.Country", "{DF541799-19CF-4E61-9088-D94B8AB787D5}"
EndProject
Project("{FAE04EC0-301F-11D3-BF4B-00C04F79EFBC}") = "Tradof.CountryModule.Services", "Tradof.CountryModule.Services\Tradof.CountryModule.Services.csproj", "{FAF82BA7-F5B1-454D-997F-796BE622ADF1}"
EndProject
Project("{FAE04EC0-301F-11D3-BF4B-00C04F79EFBC}") = "Tradof.Country.Api", "Tradof.Country.Api\Tradof.Country.Api.csproj", "{DFC5182A-26B5-431C-9C33-83B7CEC59C6E}"
EndProject
Project("{2150E333-8FDC-42A3-9474-1A3956D46DE8}") = "Tradof.Module.Specializations", "Tradof.Module.Specializations", "{A42D7621-F352-4A80-BE38-17C7360AD32F}"
EndProject
Project("{FAE04EC0-301F-11D3-BF4B-00C04F79EFBC}") = "Tradof.SpecializationModule.Services", "Tradof.SpecializationModule.Services\Tradof.SpecializationModule.Services.csproj", "{C3E482F0-C463-430C-819B-51B909271056}"
EndProject
Project("{FAE04EC0-301F-11D3-BF4B-00C04F79EFBC}") = "Tradof.Specialization.Api", "Tradof.Specialization.Api\Tradof.Specialization.Api.csproj", "{687BE917-802F-409B-930A-B00BF0A63D04}"
EndProject
Project("{2150E333-8FDC-42A3-9474-1A3956D46DE8}") = "Tradof.Module.Project", "Tradof.Module.Project", "{925F05FD-4CF8-4FF1-8640-39438A3DC8D7}"
EndProject
Project("{FAE04EC0-301F-11D3-BF4B-00C04F79EFBC}") = "Tradof.Project.Api", "Tradof.Project.Api\Tradof.Project.Api.csproj", "{FC4067B5-CE10-4F8D-8729-DB25E0BC7303}"
EndProject
Project("{FAE04EC0-301F-11D3-BF4B-00C04F79EFBC}") = "Tradof.Project.Services", "Tradof.Project.Services\Tradof.Project.Services.csproj", "{736564E4-F283-4E7C-B5B8-6D2A6F69FC5B}"
EndProject
Project("{2150E333-8FDC-42A3-9474-1A3956D46DE8}") = "Tradof.Module.Proposal", "Tradof.Module.Proposal", "{6B018B97-757E-475A-AF39-F8480E9964E3}"
EndProject
Project("{FAE04EC0-301F-11D3-BF4B-00C04F79EFBC}") = "Tradof.Proposal.Api", "Tradof.Proposal.Api\Tradof.Proposal.Api.csproj", "{2B2DC2B6-807E-43F9-B8A8-EDAEE4879032}"
EndProject
Project("{FAE04EC0-301F-11D3-BF4B-00C04F79EFBC}") = "Tradof.Proposal.Services", "Tradof.Proposal.Services\Tradof.Proposal.Services.csproj", "{EED0F69A-FE43-4C39-A583-09C4236FBFA6}"
EndProject
Global
	GlobalSection(SolutionConfigurationPlatforms) = preSolution
		Debug|Any CPU = Debug|Any CPU
		Release|Any CPU = Release|Any CPU
	EndGlobalSection
	GlobalSection(ProjectConfigurationPlatforms) = postSolution
		{8ECE4DE3-FBFF-4429-B9BC-CA1247D19682}.Debug|Any CPU.ActiveCfg = Debug|Any CPU
		{8ECE4DE3-FBFF-4429-B9BC-CA1247D19682}.Debug|Any CPU.Build.0 = Debug|Any CPU
		{8ECE4DE3-FBFF-4429-B9BC-CA1247D19682}.Release|Any CPU.ActiveCfg = Release|Any CPU
		{8ECE4DE3-FBFF-4429-B9BC-CA1247D19682}.Release|Any CPU.Build.0 = Release|Any CPU
		{BB0FF4B8-6BE7-4CA4-A00F-78F1B564B09B}.Debug|Any CPU.ActiveCfg = Debug|Any CPU
		{BB0FF4B8-6BE7-4CA4-A00F-78F1B564B09B}.Debug|Any CPU.Build.0 = Debug|Any CPU
		{BB0FF4B8-6BE7-4CA4-A00F-78F1B564B09B}.Release|Any CPU.ActiveCfg = Release|Any CPU
		{BB0FF4B8-6BE7-4CA4-A00F-78F1B564B09B}.Release|Any CPU.Build.0 = Release|Any CPU
		{917DB0EE-14ED-435D-A0D3-55F201E83D60}.Debug|Any CPU.ActiveCfg = Debug|Any CPU
		{917DB0EE-14ED-435D-A0D3-55F201E83D60}.Debug|Any CPU.Build.0 = Debug|Any CPU
		{917DB0EE-14ED-435D-A0D3-55F201E83D60}.Release|Any CPU.ActiveCfg = Release|Any CPU
		{917DB0EE-14ED-435D-A0D3-55F201E83D60}.Release|Any CPU.Build.0 = Release|Any CPU
		{4655F465-D9F5-4AE8-B88D-575FD2438AB4}.Debug|Any CPU.ActiveCfg = Debug|Any CPU
		{4655F465-D9F5-4AE8-B88D-575FD2438AB4}.Debug|Any CPU.Build.0 = Debug|Any CPU
		{4655F465-D9F5-4AE8-B88D-575FD2438AB4}.Release|Any CPU.ActiveCfg = Release|Any CPU
		{4655F465-D9F5-4AE8-B88D-575FD2438AB4}.Release|Any CPU.Build.0 = Release|Any CPU
		{1636C145-56B5-4011-846C-9704E4598329}.Debug|Any CPU.ActiveCfg = Debug|Any CPU
		{1636C145-56B5-4011-846C-9704E4598329}.Debug|Any CPU.Build.0 = Debug|Any CPU
		{1636C145-56B5-4011-846C-9704E4598329}.Release|Any CPU.ActiveCfg = Release|Any CPU
		{1636C145-56B5-4011-846C-9704E4598329}.Release|Any CPU.Build.0 = Release|Any CPU
		{31CE4F67-7D5B-4AF5-9FCE-292FA716ADCA}.Debug|Any CPU.ActiveCfg = Debug|Any CPU
		{31CE4F67-7D5B-4AF5-9FCE-292FA716ADCA}.Debug|Any CPU.Build.0 = Debug|Any CPU
		{31CE4F67-7D5B-4AF5-9FCE-292FA716ADCA}.Release|Any CPU.ActiveCfg = Release|Any CPU
		{31CE4F67-7D5B-4AF5-9FCE-292FA716ADCA}.Release|Any CPU.Build.0 = Release|Any CPU
		{40E6F1DC-AAED-490F-AC5E-65034ACE2426}.Debug|Any CPU.ActiveCfg = Debug|Any CPU
		{40E6F1DC-AAED-490F-AC5E-65034ACE2426}.Debug|Any CPU.Build.0 = Debug|Any CPU
		{40E6F1DC-AAED-490F-AC5E-65034ACE2426}.Release|Any CPU.ActiveCfg = Release|Any CPU
		{40E6F1DC-AAED-490F-AC5E-65034ACE2426}.Release|Any CPU.Build.0 = Release|Any CPU
		{1C3BDEDB-F01C-47E2-B146-7E5DD89AAFC8}.Debug|Any CPU.ActiveCfg = Debug|Any CPU
		{1C3BDEDB-F01C-47E2-B146-7E5DD89AAFC8}.Debug|Any CPU.Build.0 = Debug|Any CPU
		{1C3BDEDB-F01C-47E2-B146-7E5DD89AAFC8}.Release|Any CPU.ActiveCfg = Release|Any CPU
		{1C3BDEDB-F01C-47E2-B146-7E5DD89AAFC8}.Release|Any CPU.Build.0 = Release|Any CPU
		{DD999680-57B8-444F-8CFC-9B37017FAE08}.Debug|Any CPU.ActiveCfg = Debug|Any CPU
		{DD999680-57B8-444F-8CFC-9B37017FAE08}.Debug|Any CPU.Build.0 = Debug|Any CPU
		{DD999680-57B8-444F-8CFC-9B37017FAE08}.Release|Any CPU.ActiveCfg = Release|Any CPU
		{DD999680-57B8-444F-8CFC-9B37017FAE08}.Release|Any CPU.Build.0 = Release|Any CPU
		{7A9DBE6A-3B4F-4B89-B551-456DAE452470}.Debug|Any CPU.ActiveCfg = Debug|Any CPU
		{7A9DBE6A-3B4F-4B89-B551-456DAE452470}.Debug|Any CPU.Build.0 = Debug|Any CPU
		{7A9DBE6A-3B4F-4B89-B551-456DAE452470}.Release|Any CPU.ActiveCfg = Release|Any CPU
		{7A9DBE6A-3B4F-4B89-B551-456DAE452470}.Release|Any CPU.Build.0 = Release|Any CPU
		{60E12007-E619-4C8B-A240-0918BEB0CE73}.Debug|Any CPU.ActiveCfg = Debug|Any CPU
		{60E12007-E619-4C8B-A240-0918BEB0CE73}.Debug|Any CPU.Build.0 = Debug|Any CPU
		{60E12007-E619-4C8B-A240-0918BEB0CE73}.Release|Any CPU.ActiveCfg = Release|Any CPU
		{60E12007-E619-4C8B-A240-0918BEB0CE73}.Release|Any CPU.Build.0 = Release|Any CPU
		{E54148CE-A953-48E3-A248-65705C620ED9}.Debug|Any CPU.ActiveCfg = Debug|Any CPU
		{E54148CE-A953-48E3-A248-65705C620ED9}.Debug|Any CPU.Build.0 = Debug|Any CPU
		{E54148CE-A953-48E3-A248-65705C620ED9}.Release|Any CPU.ActiveCfg = Release|Any CPU
		{E54148CE-A953-48E3-A248-65705C620ED9}.Release|Any CPU.Build.0 = Release|Any CPU
		{A9400B66-FC43-4BBA-B05E-D0F3E4673AF0}.Debug|Any CPU.ActiveCfg = Debug|Any CPU
		{A9400B66-FC43-4BBA-B05E-D0F3E4673AF0}.Debug|Any CPU.Build.0 = Debug|Any CPU
		{A9400B66-FC43-4BBA-B05E-D0F3E4673AF0}.Release|Any CPU.ActiveCfg = Release|Any CPU
		{A9400B66-FC43-4BBA-B05E-D0F3E4673AF0}.Release|Any CPU.Build.0 = Release|Any CPU
		{C18402B3-3E6D-458F-9EDB-B376CB61BF5C}.Debug|Any CPU.ActiveCfg = Debug|Any CPU
		{C18402B3-3E6D-458F-9EDB-B376CB61BF5C}.Debug|Any CPU.Build.0 = Debug|Any CPU
		{C18402B3-3E6D-458F-9EDB-B376CB61BF5C}.Release|Any CPU.ActiveCfg = Release|Any CPU
		{C18402B3-3E6D-458F-9EDB-B376CB61BF5C}.Release|Any CPU.Build.0 = Release|Any CPU
		{FAF82BA7-F5B1-454D-997F-796BE622ADF1}.Debug|Any CPU.ActiveCfg = Debug|Any CPU
		{FAF82BA7-F5B1-454D-997F-796BE622ADF1}.Debug|Any CPU.Build.0 = Debug|Any CPU
		{FAF82BA7-F5B1-454D-997F-796BE622ADF1}.Release|Any CPU.ActiveCfg = Release|Any CPU
		{FAF82BA7-F5B1-454D-997F-796BE622ADF1}.Release|Any CPU.Build.0 = Release|Any CPU
		{DFC5182A-26B5-431C-9C33-83B7CEC59C6E}.Debug|Any CPU.ActiveCfg = Debug|Any CPU
		{DFC5182A-26B5-431C-9C33-83B7CEC59C6E}.Debug|Any CPU.Build.0 = Debug|Any CPU
		{DFC5182A-26B5-431C-9C33-83B7CEC59C6E}.Release|Any CPU.ActiveCfg = Release|Any CPU
		{DFC5182A-26B5-431C-9C33-83B7CEC59C6E}.Release|Any CPU.Build.0 = Release|Any CPU
		{C3E482F0-C463-430C-819B-51B909271056}.Debug|Any CPU.ActiveCfg = Debug|Any CPU
		{C3E482F0-C463-430C-819B-51B909271056}.Debug|Any CPU.Build.0 = Debug|Any CPU
		{C3E482F0-C463-430C-819B-51B909271056}.Release|Any CPU.ActiveCfg = Release|Any CPU
		{C3E482F0-C463-430C-819B-51B909271056}.Release|Any CPU.Build.0 = Release|Any CPU
		{687BE917-802F-409B-930A-B00BF0A63D04}.Debug|Any CPU.ActiveCfg = Debug|Any CPU
		{687BE917-802F-409B-930A-B00BF0A63D04}.Debug|Any CPU.Build.0 = Debug|Any CPU
		{687BE917-802F-409B-930A-B00BF0A63D04}.Release|Any CPU.ActiveCfg = Release|Any CPU
		{687BE917-802F-409B-930A-B00BF0A63D04}.Release|Any CPU.Build.0 = Release|Any CPU
		{FC4067B5-CE10-4F8D-8729-DB25E0BC7303}.Debug|Any CPU.ActiveCfg = Debug|Any CPU
		{FC4067B5-CE10-4F8D-8729-DB25E0BC7303}.Debug|Any CPU.Build.0 = Debug|Any CPU
		{FC4067B5-CE10-4F8D-8729-DB25E0BC7303}.Release|Any CPU.ActiveCfg = Release|Any CPU
		{FC4067B5-CE10-4F8D-8729-DB25E0BC7303}.Release|Any CPU.Build.0 = Release|Any CPU
		{736564E4-F283-4E7C-B5B8-6D2A6F69FC5B}.Debug|Any CPU.ActiveCfg = Debug|Any CPU
		{736564E4-F283-4E7C-B5B8-6D2A6F69FC5B}.Debug|Any CPU.Build.0 = Debug|Any CPU
		{736564E4-F283-4E7C-B5B8-6D2A6F69FC5B}.Release|Any CPU.ActiveCfg = Release|Any CPU
		{736564E4-F283-4E7C-B5B8-6D2A6F69FC5B}.Release|Any CPU.Build.0 = Release|Any CPU
		{2B2DC2B6-807E-43F9-B8A8-EDAEE4879032}.Debug|Any CPU.ActiveCfg = Debug|Any CPU
		{2B2DC2B6-807E-43F9-B8A8-EDAEE4879032}.Debug|Any CPU.Build.0 = Debug|Any CPU
		{2B2DC2B6-807E-43F9-B8A8-EDAEE4879032}.Release|Any CPU.ActiveCfg = Release|Any CPU
		{2B2DC2B6-807E-43F9-B8A8-EDAEE4879032}.Release|Any CPU.Build.0 = Release|Any CPU
		{EED0F69A-FE43-4C39-A583-09C4236FBFA6}.Debug|Any CPU.ActiveCfg = Debug|Any CPU
		{EED0F69A-FE43-4C39-A583-09C4236FBFA6}.Debug|Any CPU.Build.0 = Debug|Any CPU
		{EED0F69A-FE43-4C39-A583-09C4236FBFA6}.Release|Any CPU.ActiveCfg = Release|Any CPU
		{EED0F69A-FE43-4C39-A583-09C4236FBFA6}.Release|Any CPU.Build.0 = Release|Any CPU
	EndGlobalSection
	GlobalSection(SolutionProperties) = preSolution
		HideSolutionNode = FALSE
	EndGlobalSection
	GlobalSection(NestedProjects) = preSolution
		{8ECE4DE3-FBFF-4429-B9BC-CA1247D19682} = {8250AD98-4989-49E6-A1F7-4B3FF190B519}
		{BB0FF4B8-6BE7-4CA4-A00F-78F1B564B09B} = {47E0FA98-C32E-4CE6-8384-A64F3048D01E}
		{917DB0EE-14ED-435D-A0D3-55F201E83D60} = {E4FB3175-3CB2-4B8E-A4F7-507FEE531C28}
		{4655F465-D9F5-4AE8-B88D-575FD2438AB4} = {E4FB3175-3CB2-4B8E-A4F7-507FEE531C28}
		{C0118438-6255-4C1A-B8C3-89AA8085FA5F} = {105C6636-238F-4B20-A489-71696484FEC6}
		{1636C145-56B5-4011-846C-9704E4598329} = {29F0583E-E241-43ED-BDF6-E553975C4D1E}
		{31CE4F67-7D5B-4AF5-9FCE-292FA716ADCA} = {29F0583E-E241-43ED-BDF6-E553975C4D1E}
		{40E6F1DC-AAED-490F-AC5E-65034ACE2426} = {C0118438-6255-4C1A-B8C3-89AA8085FA5F}
		{1C3BDEDB-F01C-47E2-B146-7E5DD89AAFC8} = {C0118438-6255-4C1A-B8C3-89AA8085FA5F}
		{9BD0DDC1-93D5-4AA7-B338-6434B1694B8B} = {105C6636-238F-4B20-A489-71696484FEC6}
		{DD999680-57B8-444F-8CFC-9B37017FAE08} = {9BD0DDC1-93D5-4AA7-B338-6434B1694B8B}
		{7A9DBE6A-3B4F-4B89-B551-456DAE452470} = {9BD0DDC1-93D5-4AA7-B338-6434B1694B8B}
		{9C7362A9-CDD0-4A5D-A912-6FBB9E71FC46} = {105C6636-238F-4B20-A489-71696484FEC6}
		{60E12007-E619-4C8B-A240-0918BEB0CE73} = {9C7362A9-CDD0-4A5D-A912-6FBB9E71FC46}
		{E54148CE-A953-48E3-A248-65705C620ED9} = {9C7362A9-CDD0-4A5D-A912-6FBB9E71FC46}
		{35E30B91-ACE6-4AEA-823F-467993ED8086} = {105C6636-238F-4B20-A489-71696484FEC6}
		{A9400B66-FC43-4BBA-B05E-D0F3E4673AF0} = {35E30B91-ACE6-4AEA-823F-467993ED8086}
		{C18402B3-3E6D-458F-9EDB-B376CB61BF5C} = {35E30B91-ACE6-4AEA-823F-467993ED8086}
		{DF541799-19CF-4E61-9088-D94B8AB787D5} = {105C6636-238F-4B20-A489-71696484FEC6}
		{FAF82BA7-F5B1-454D-997F-796BE622ADF1} = {DF541799-19CF-4E61-9088-D94B8AB787D5}
		{DFC5182A-26B5-431C-9C33-83B7CEC59C6E} = {DF541799-19CF-4E61-9088-D94B8AB787D5}
		{A42D7621-F352-4A80-BE38-17C7360AD32F} = {105C6636-238F-4B20-A489-71696484FEC6}
		{C3E482F0-C463-430C-819B-51B909271056} = {A42D7621-F352-4A80-BE38-17C7360AD32F}
		{687BE917-802F-409B-930A-B00BF0A63D04} = {A42D7621-F352-4A80-BE38-17C7360AD32F}
		{925F05FD-4CF8-4FF1-8640-39438A3DC8D7} = {105C6636-238F-4B20-A489-71696484FEC6}
		{FC4067B5-CE10-4F8D-8729-DB25E0BC7303} = {925F05FD-4CF8-4FF1-8640-39438A3DC8D7}
		{736564E4-F283-4E7C-B5B8-6D2A6F69FC5B} = {925F05FD-4CF8-4FF1-8640-39438A3DC8D7}
		{6B018B97-757E-475A-AF39-F8480E9964E3} = {105C6636-238F-4B20-A489-71696484FEC6}
		{2B2DC2B6-807E-43F9-B8A8-EDAEE4879032} = {6B018B97-757E-475A-AF39-F8480E9964E3}
		{EED0F69A-FE43-4C39-A583-09C4236FBFA6} = {6B018B97-757E-475A-AF39-F8480E9964E3}
	EndGlobalSection
	GlobalSection(ExtensibilityGlobals) = postSolution
		SolutionGuid = {69E087E9-B128-4D9E-8471-F21884B99612}
	EndGlobalSection
EndGlobal
